
Microsoft Visual Studio Solution File, Format Version 12.00
# Visual Studio 14
VisualStudioVersion = 14.0.25420.1
MinimumVisualStudioVersion = 10.0.40219.1
Project("{2150E333-8FDC-42A3-9474-1A3956D46DE8}") = "Solution Items", "Solution Items", "{63CAF315-0D21-488B-89C7-5DCCCEBD9D43}"
	ProjectSection(SolutionItems) = preProject
		global.json = global.json
	EndProjectSection
EndProject
Project("{8BB2217D-0F2D-49D1-97BC-3654ED321F3B}") = "HelloMvc", "HelloMvc\HelloMvc.xproj", "{8089C17B-2837-4763-8DFC-97ACB2D64158}"
EndProject
Project("{8BB2217D-0F2D-49D1-97BC-3654ED321F3B}") = "HelloMvc.Test", "HelloMvc.Test\HelloMvc.Test.xproj", "{4DA0D3AF-7F81-470F-96E0-5D7E630CA61A}"
EndProject
Global
	GlobalSection(SolutionConfigurationPlatforms) = preSolution
		Debug|Any CPU = Debug|Any CPU
		Release|Any CPU = Release|Any CPU
	EndGlobalSection
	GlobalSection(ProjectConfigurationPlatforms) = postSolution
		{8089C17B-2837-4763-8DFC-97ACB2D64158}.Debug|Any CPU.ActiveCfg = Debug|Any CPU
		{8089C17B-2837-4763-8DFC-97ACB2D64158}.Debug|Any CPU.Build.0 = Debug|Any CPU
		{8089C17B-2837-4763-8DFC-97ACB2D64158}.Release|Any CPU.ActiveCfg = Release|Any CPU
		{8089C17B-2837-4763-8DFC-97ACB2D64158}.Release|Any CPU.Build.0 = Release|Any CPU
		{4DA0D3AF-7F81-470F-96E0-5D7E630CA61A}.Debug|Any CPU.ActiveCfg = Debug|Any CPU
		{4DA0D3AF-7F81-470F-96E0-5D7E630CA61A}.Debug|Any CPU.Build.0 = Debug|Any CPU
		{4DA0D3AF-7F81-470F-96E0-5D7E630CA61A}.Release|Any CPU.ActiveCfg = Release|Any CPU
		{4DA0D3AF-7F81-470F-96E0-5D7E630CA61A}.Release|Any CPU.Build.0 = Release|Any CPU
	EndGlobalSection
	GlobalSection(SolutionProperties) = preSolution
		HideSolutionNode = FALSE
	EndGlobalSection
EndGlobal
